{
    "requires": true,
    "lockfileVersion": 1,
    "dependencies": {
        "@types/events": {
            "version": "3.0.0",
            "resolved": "https://registry.npmjs.org/@types/events/-/events-3.0.0.tgz",
            "integrity": "sha512-EaObqwIvayI5a8dCzhFrjKzVwKLxjoG9T6Ppd5CEo07LRKfQ8Yokw54r5+Wq7FaBQ+yXRvQAYPrHwya1/UFt9g==",
            "dev": true
        }
    }
}
