{
  "name": "@dcl/utils",
  "version": "0.0.0",
  "lockfileVersion": 1,
  "requires": true,
  "dependencies": {
    "@dcl/config": {
      "version": "file:manual/dcl-config-0.0.0.tgz",
      "integrity": "sha512-T2zHyn2PZkQcV3YFMKgRMch7bozNbvoT7dtHyFFNrlANutOml8VLkLOr8NlPAE1qohIM2GMPvpJG7EsNLFJn9Q==",
      "requires": {
        "typescript": "^3.5.3"
      }
    },
    "@types/node": {
      "version": "12.6.8",
      "resolved": "https://registry.npmjs.org/@types/node/-/node-12.6.8.tgz",
      "integrity": "sha512-aX+gFgA5GHcDi89KG5keey2zf0WfZk/HAQotEamsK2kbey+8yGKcson0hbK8E+v0NArlCJQCqMP161YhV6ZXLg=="
    },
    "fp-future": {
      "version": "1.0.1",
      "resolved": "https://registry.npmjs.org/fp-future/-/fp-future-1.0.1.tgz",
      "integrity": "sha512-2McmZH/KsZqlqHju9+Ox0FC7q7Knve4t6ZeKubbhAz1xpnD7hkCrP8TP5g5QbbD5bA5jBANbXf/ew4x1FjSUrw=="
    },
    "typescript": {
      "version": "3.5.3",
      "resolved": "https://registry.npmjs.org/typescript/-/typescript-3.5.3.tgz",
      "integrity": "sha512-ACzBtm/PhXBDId6a6sDJfroT2pOWt/oOnk4/dElG5G33ZL776N3Y6/6bKZJBFpd+b05F3Ct9qDjMeJmRWtE2/g=="
    }
  }
}
