{
  "name": "@dcl/utils",
  "version": "0.0.0",
  "lockfileVersion": 1,
  "requires": true,
  "dependencies": {
    "fp-future": {
      "version": "1.0.1",
      "resolved": "https://registry.npmjs.org/fp-future/-/fp-future-1.0.1.tgz",
      "integrity": "sha512-2McmZH/KsZqlqHju9+Ox0FC7q7Knve4t6ZeKubbhAz1xpnD7hkCrP8TP5g5QbbD5bA5jBANbXf/ew4x1FjSUrw=="
    }
  }
}
