{
  "name": "@dcl/utils",
  "version": "0.0.0",
  "lockfileVersion": 1,
  "requires": true,
  "dependencies": {
    "@dcl/config": {
      "version": "file:manual/dcl-config-0.0.0.tgz",
      "integrity": "sha512-9+j7Wv4nPGLPlfhpGTcT8rtkcAs4neY54R86A0EoJkauO+TaClacuPcpw/ItrkLk4eoMS1MEEgitw3UR5gVfWA==",
      "requires": {
        "typescript": "^3.5.3"
      }
    },
    "typescript": {
      "version": "3.5.3",
      "resolved": "https://registry.npmjs.org/typescript/-/typescript-3.5.3.tgz",
      "integrity": "sha512-ACzBtm/PhXBDId6a6sDJfroT2pOWt/oOnk4/dElG5G33ZL776N3Y6/6bKZJBFpd+b05F3Ct9qDjMeJmRWtE2/g=="
    }
  }
}
